
Microsoft Visual Studio Solution File, Format Version 12.00
# Visual Studio Express 14 for Web
VisualStudioVersion = 14.0.25420.1
MinimumVisualStudioVersion = 10.0.40219.1
Project("{FAE04EC0-301F-11D3-BF4B-00C04F79EFBC}") = "TicTacApi", "TicTacApi\TicTacApi.csproj", "{77320EE4-A3D1-4187-B7D1-5A9A79EB99E3}"
EndProject
Global
	GlobalSection(SolutionConfigurationPlatforms) = preSolution
		Debug|Any CPU = Debug|Any CPU
		Release|Any CPU = Release|Any CPU
	EndGlobalSection
	GlobalSection(ProjectConfigurationPlatforms) = postSolution
		{77320EE4-A3D1-4187-B7D1-5A9A79EB99E3}.Debug|Any CPU.ActiveCfg = Debug|Any CPU
		{77320EE4-A3D1-4187-B7D1-5A9A79EB99E3}.Debug|Any CPU.Build.0 = Debug|Any CPU
		{77320EE4-A3D1-4187-B7D1-5A9A79EB99E3}.Release|Any CPU.ActiveCfg = Release|Any CPU
		{77320EE4-A3D1-4187-B7D1-5A9A79EB99E3}.Release|Any CPU.Build.0 = Release|Any CPU
	EndGlobalSection
	GlobalSection(SolutionProperties) = preSolution
		HideSolutionNode = FALSE
	EndGlobalSection
EndGlobal
